{
  "name": "club-imports",
  "version": "1.0.1",
  "lockfileVersion": 1,
  "requires": true,
  "dependencies": {
    "@tsconfig/node12": {
      "version": "1.0.7",
      "resolved": "https://registry.npmjs.org/@tsconfig/node12/-/node12-1.0.7.tgz",
      "integrity": "sha512-dgasobK/Y0wVMswcipr3k0HpevxFJLijN03A8mYfEPvWvOs14v0ZlYTR4kIgMx8g4+fTyTFv8/jLCIfRqLDJ4A==",
      "dev": true
    },
    "@types/node": {
      "version": "14.10.0",
      "resolved": "https://registry.npmjs.org/@types/node/-/node-14.10.0.tgz",
      "integrity": "sha512-SOIyrdADB4cq6eY1F+9iU48iIomFAPltu11LCvA9PKcyEwHadjCFzNVPotAR+oEJA0bCP4Xvvgy+vwu1ZjVh8g==",
      "dev": true
    },
    "commander": {
      "version": "6.1.0",
      "resolved": "https://registry.npmjs.org/commander/-/commander-6.1.0.tgz",
      "integrity": "sha512-wl7PNrYWd2y5mp1OK/LhTlv8Ff4kQJQRXXAvF+uU/TPNiVJUxZLRYGj/B0y/lPGAVcSbJqH2Za/cvHmrPMC8mA=="
    }
  }
}
